
Microsoft Visual Studio Solution File, Format Version 12.00
# Visual Studio Version 16
VisualStudioVersion = 16.0.30011.22
MinimumVisualStudioVersion = 10.0.40219.1
Project("{FAE04EC0-301F-11D3-BF4B-00C04F79EFBC}") = "Postbus.Client", "Postbus.Client\Postbus.Client.csproj", "{6B72FBC1-3C68-4221-A462-C99C90BC3B7B}"
EndProject
Global
	GlobalSection(SolutionConfigurationPlatforms) = preSolution
		Debug|Any CPU = Debug|Any CPU
		Release|Any CPU = Release|Any CPU
	EndGlobalSection
	GlobalSection(ProjectConfigurationPlatforms) = postSolution
		{6B72FBC1-3C68-4221-A462-C99C90BC3B7B}.Debug|Any CPU.ActiveCfg = Debug|Any CPU
		{6B72FBC1-3C68-4221-A462-C99C90BC3B7B}.Debug|Any CPU.Build.0 = Debug|Any CPU
		{6B72FBC1-3C68-4221-A462-C99C90BC3B7B}.Release|Any CPU.ActiveCfg = Release|Any CPU
		{6B72FBC1-3C68-4221-A462-C99C90BC3B7B}.Release|Any CPU.Build.0 = Release|Any CPU
	EndGlobalSection
	GlobalSection(SolutionProperties) = preSolution
		HideSolutionNode = FALSE
	EndGlobalSection
	GlobalSection(ExtensibilityGlobals) = postSolution
		SolutionGuid = {13E94A1A-8D7F-445A-8726-2A0895DC0F81}
	EndGlobalSection
EndGlobal
